// !$*UTF8*$!
{
	archiveVersion = 1;
	classes = {
	};
	objectVersion = 46;
	objects = {

/* Begin PBXBuildFile section */
		6CBC9B1B1AC23F2F001FEF8F /* main.m in Sources */ = {isa = PBXBuildFile; fileRef = 6CBC9B1A1AC23F2F001FEF8F /* main.m */; };
		6CBC9B1E1AC23F2F001FEF8F /* AppDelegate.m in Sources */ = {isa = PBXBuildFile; fileRef = 6CBC9B1D1AC23F2F001FEF8F /* AppDelegate.m */; };
		6CBC9B211AC23F2F001FEF8F /* ViewController.m in Sources */ = {isa = PBXBuildFile; fileRef = 6CBC9B201AC23F2F001FEF8F /* ViewController.m */; };
		6CBC9B241AC23F2F001FEF8F /* Main.storyboard in Resources */ = {isa = PBXBuildFile; fileRef = 6CBC9B221AC23F2F001FEF8F /* Main.storyboard */; };
		6CBC9B261AC23F2F001FEF8F /* Images.xcassets in Resources */ = {isa = PBXBuildFile; fileRef = 6CBC9B251AC23F2F001FEF8F /* Images.xcassets */; };
		6CBC9B291AC23F2F001FEF8F /* LaunchScreen.xib in Resources */ = {isa = PBXBuildFile; fileRef = 6CBC9B271AC23F2F001FEF8F /* LaunchScreen.xib */; };
		6CBC9B351AC23F2F001FEF8F /* ListDemoTests.m in Sources */ = {isa = PBXBuildFile; fileRef = 6CBC9B341AC23F2F001FEF8F /* ListDemoTests.m */; };
/* End PBXBuildFile section */

/* Begin PBXContainerItemProxy section */
		6CBC9B2F1AC23F2F001FEF8F /* PBXContainerItemProxy */ = {
			isa = PBXContainerItemProxy;
			containerPortal = 6CBC9B0D1AC23F2F001FEF8F /* Project object */;
			proxyType = 1;
			remoteGlobalIDString = 6CBC9B141AC23F2F001FEF8F;
			remoteInfo = ListDemo;
		};
/* End PBXContainerItemProxy section */

/* Begin PBXFileReference section */
		6CBC9B151AC23F2F001FEF8F /* ListDemo.app */ = {isa = PBXFileReference; explicitFileType = wrapper.application; includeInIndex = 0; path = ListDemo.app; sourceTree = BUILT_PRODUCTS_DIR; };
		6CBC9B191AC23F2F001FEF8F /* Info.plist */ = {isa = PBXFileReference; lastKnownFileType = text.plist.xml; path = Info.plist; sourceTree = "<group>"; };
		6CBC9B1A1AC23F2F001FEF8F /* main.m */ = {isa = PBXFileReference; lastKnownFileType = sourcecode.c.objc; path = main.m; sourceTree = "<group>"; };
		6CBC9B1C1AC23F2F001FEF8F /* AppDelegate.h */ = {isa = PBXFileReference; lastKnownFileType = sourcecode.c.h; path = AppDelegate.h; sourceTree = "<group>"; };
		6CBC9B1D1AC23F2F001FEF8F /* AppDelegate.m */ = {isa = PBXFileReference; lastKnownFileType = sourcecode.c.objc; path = AppDelegate.m; sourceTree = "<group>"; };
		6CBC9B1F1AC23F2F001FEF8F /* ViewController.h */ = {isa = PBXFileReference; lastKnownFileType = sourcecode.c.h; path = ViewController.h; sourceTree = "<group>"; };
		6CBC9B201AC23F2F001FEF8F /* ViewController.m */ = {isa = PBXFileReference; lastKnownFileType = sourcecode.c.objc; path = ViewController.m; sourceTree = "<group>"; };
		6CBC9B231AC23F2F001FEF8F /* Base */ = {isa = PBXFileReference; lastKnownFileType = file.storyboard; name = Base; path = Base.lproj/Main.storyboard; sourceTree = "<group>"; };
		6CBC9B251AC23F2F001FEF8F /* Images.xcassets */ = {isa = PBXFileReference; lastKnownFileType = folder.assetcatalog; path = Images.xcassets; sourceTree = "<group>"; };
		6CBC9B281AC23F2F001FEF8F /* Base */ = {isa = PBXFileReference; lastKnownFileType = file.xib; name = Base; path = Base.lproj/LaunchScreen.xib; sourceTree = "<group>"; };
		6CBC9B2E1AC23F2F001FEF8F /* ListDemoTests.xctest */ = {isa = PBXFileReference; explicitFileType = wrapper.cfbundle; includeInIndex = 0; path = ListDemoTests.xctest; sourceTree = BUILT_PRODUCTS_DIR; };
		6CBC9B331AC23F2F001FEF8F /* Info.plist */ = {isa = PBXFileReference; lastKnownFileType = text.plist.xml; path = Info.plist; sourceTree = "<group>"; };
		6CBC9B341AC23F2F001FEF8F /* ListDemoTests.m */ = {isa = PBXFileReference; lastKnownFileType = sourcecode.c.objc; path = ListDemoTests.m; sourceTree = "<group>"; };
/* End PBXFileReference section */

/* Begin PBXFrameworksBuildPhase section */
		6CBC9B121AC23F2F001FEF8F /* Frameworks */ = {
			isa = PBXFrameworksBuildPhase;
			buildActionMask = 2147483647;
			files = (
			);
			runOnlyForDeploymentPostprocessing = 0;
		};
		6CBC9B2B1AC23F2F001FEF8F /* Frameworks */ = {
			isa = PBXFrameworksBuildPhase;
			buildActionMask = 2147483647;
			files = (
			);
			runOnlyForDeploymentPostprocessing = 0;
		};
/* End PBXFrameworksBuildPhase section */

/* Begin PBXGroup section */
		6CBC9B0C1AC23F2F001FEF8F = {
			isa = PBXGroup;
			children = (
				6CBC9B171AC23F2F001FEF8F /* ListDemo */,
				6CBC9B311AC23F2F001FEF8F /* ListDemoTests */,
				6CBC9B161AC23F2F001FEF8F /* Products */,
			);
			sourceTree = "<group>";
		};
		6CBC9B161AC23F2F001FEF8F /* Products */ = {
			isa = PBXGroup;
			children = (
				6CBC9B151AC23F2F001FEF8F /* ListDemo.app */,
				6CBC9B2E1AC23F2F001FEF8F /* ListDemoTests.xctest */,
			);
			name = Products;
			sourceTree = "<group>";
		};
		6CBC9B171AC23F2F001FEF8F /* ListDemo */ = {
			isa = PBXGroup;
			children = (
				6CBC9B1C1AC23F2F001FEF8F /* AppDelegate.h */,
				6CBC9B1D1AC23F2F001FEF8F /* AppDelegate.m */,
				6CBC9B1F1AC23F2F001FEF8F /* ViewController.h */,
				6CBC9B201AC23F2F001FEF8F /* ViewController.m */,
				6CBC9B221AC23F2F001FEF8F /* Main.storyboard */,
				6CBC9B251AC23F2F001FEF8F /* Images.xcassets */,
				6CBC9B271AC23F2F001FEF8F /* LaunchScreen.xib */,
				6CBC9B181AC23F2F001FEF8F /* Supporting Files */,
			);
			path = ListDemo;
			sourceTree = "<group>";
		};
		6CBC9B181AC23F2F001FEF8F /* Supporting Files */ = {
			isa = PBXGroup;
			children = (
				6CBC9B191AC23F2F001FEF8F /* Info.plist */,
				6CBC9B1A1AC23F2F001FEF8F /* main.m */,
			);
			name = "Supporting Files";
			sourceTree = "<group>";
		};
		6CBC9B311AC23F2F001FEF8F /* ListDemoTests */ = {
			isa = PBXGroup;
			children = (
				6CBC9B341AC23F2F001FEF8F /* ListDemoTests.m */,
				6CBC9B321AC23F2F001FEF8F /* Supporting Files */,
			);
			path = ListDemoTests;
			sourceTree = "<group>";
		};
		6CBC9B321AC23F2F001FEF8F /* Supporting Files */ = {
			isa = PBXGroup;
			children = (
				6CBC9B331AC23F2F001FEF8F /* Info.plist */,
			);
			name = "Supporting Files";
			sourceTree = "<group>";
		};
/* End PBXGroup section */

/* Begin PBXNativeTarget section */
		6CBC9B141AC23F2F001FEF8F /* ListDemo */ = {
			isa = PBXNativeTarget;
			buildConfigurationList = 6CBC9B381AC23F2F001FEF8F /* Build configuration list for PBXNativeTarget "ListDemo" */;
			buildPhases = (
				6CBC9B111AC23F2F001FEF8F /* Sources */,
				6CBC9B121AC23F2F001FEF8F /* Frameworks */,
				6CBC9B131AC23F2F001FEF8F /* Resources */,
			);
			buildRules = (
			);
			dependencies = (
			);
			name = ListDemo;
			productName = ListDemo;
			productReference = 6CBC9B151AC23F2F001FEF8F /* ListDemo.app */;
			productType = "com.apple.product-type.application";
		};
		6CBC9B2D1AC23F2F001FEF8F /* ListDemoTests */ = {
			isa = PBXNativeTarget;
			buildConfigurationList = 6CBC9B3B1AC23F2F001FEF8F /* Build configuration list for PBXNativeTarget "ListDemoTests" */;
			buildPhases = (
				6CBC9B2A1AC23F2F001FEF8F /* Sources */,
				6CBC9B2B1AC23F2F001FEF8F /* Frameworks */,
				6CBC9B2C1AC23F2F001FEF8F /* Resources */,
			);
			buildRules = (
			);
			dependencies = (
				6CBC9B301AC23F2F001FEF8F /* PBXTargetDependency */,
			);
			name = ListDemoTests;
			productName = ListDemoTests;
			productReference = 6CBC9B2E1AC23F2F001FEF8F /* ListDemoTests.xctest */;
			productType = "com.apple.product-type.bundle.unit-test";
		};
/* End PBXNativeTarget section */

/* Begin PBXProject section */
		6CBC9B0D1AC23F2F001FEF8F /* Project object */ = {
			isa = PBXProject;
			attributes = {
				LastUpgradeCheck = 0610;
				ORGANIZATIONNAME = "FeiNiu-Mac";
				TargetAttributes = {
					6CBC9B141AC23F2F001FEF8F = {
						CreatedOnToolsVersion = 6.1;
					};
					6CBC9B2D1AC23F2F001FEF8F = {
						CreatedOnToolsVersion = 6.1;
						TestTargetID = 6CBC9B141AC23F2F001FEF8F;
					};
				};
			};
			buildConfigurationList = 6CBC9B101AC23F2F001FEF8F /* Build configuration list for PBXProject "ListDemo" */;
			compatibilityVersion = "Xcode 3.2";
			developmentRegion = English;
			hasScannedForEncodings = 0;
			knownRegions = (
				en,
				Base,
			);
			mainGroup = 6CBC9B0C1AC23F2F001FEF8F;
			productRefGroup = 6CBC9B161AC23F2F001FEF8F /* Products */;
			projectDirPath = "";
			projectRoot = "";
			targets = (
				6CBC9B141AC23F2F001FEF8F /* ListDemo */,
				6CBC9B2D1AC23F2F001FEF8F /* ListDemoTests */,
			);
		};
/* End PBXProject section */

/* Begin PBXResourcesBuildPhase section */
		6CBC9B131AC23F2F001FEF8F /* Resources */ = {
			isa = PBXResourcesBuildPhase;
			buildActionMask = 2147483647;
			files = (
				6CBC9B241AC23F2F001FEF8F /* Main.storyboard in Resources */,
				6CBC9B291AC23F2F001FEF8F /* LaunchScreen.xib in Resources */,
				6CBC9B261AC23F2F001FEF8F /* Images.xcassets in Resources */,
			);
			runOnlyForDeploymentPostprocessing = 0;
		};
		6CBC9B2C1AC23F2F001FEF8F /* Resources */ = {
			isa = PBXResourcesBuildPhase;
			buildActionMask = 2147483647;
			files = (
			);
			runOnlyForDeploymentPostprocessing = 0;
		};
/* End PBXResourcesBuildPhase section */

/* Begin PBXSourcesBuildPhase section */
		6CBC9B111AC23F2F001FEF8F /* Sources */ = {
			isa = PBXSourcesBuildPhase;
			buildActionMask = 2147483647;
			files = (
				6CBC9B211AC23F2F001FEF8F /* ViewController.m in Sources */,
				6CBC9B1E1AC23F2F001FEF8F /* AppDelegate.m in Sources */,
				6CBC9B1B1AC23F2F001FEF8F /* main.m in Sources */,
			);
			runOnlyForDeploymentPostprocessing = 0;
		};
		6CBC9B2A1AC23F2F001FEF8F /* Sources */ = {
			isa = PBXSourcesBuildPhase;
			buildActionMask = 2147483647;
			files = (
				6CBC9B351AC23F2F001FEF8F /* ListDemoTests.m in Sources */,
			);
			runOnlyForDeploymentPostprocessing = 0;
		};
/* End PBXSourcesBuildPhase section */

/* Begin PBXTargetDependency section */
		6CBC9B301AC23F2F001FEF8F /* PBXTargetDependency */ = {
			isa = PBXTargetDependency;
			target = 6CBC9B141AC23F2F001FEF8F /* ListDemo */;
			targetProxy = 6CBC9B2F1AC23F2F001FEF8F /* PBXContainerItemProxy */;
		};
/* End PBXTargetDependency section */

/* Begin PBXVariantGroup section */
		6CBC9B221AC23F2F001FEF8F /* Main.storyboard */ = {
			isa = PBXVariantGroup;
			children = (
				6CBC9B231AC23F2F001FEF8F /* Base */,
			);
			name = Main.storyboard;
			sourceTree = "<group>";
		};
		6CBC9B271AC23F2F001FEF8F /* LaunchScreen.xib */ = {
			isa = PBXVariantGroup;
			children = (
				6CBC9B281AC23F2F001FEF8F /* Base */,
			);
			name = LaunchScreen.xib;
			sourceTree = "<group>";
		};
/* End PBXVariantGroup section */

/* Begin XCBuildConfiguration section */
		6CBC9B361AC23F2F001FEF8F /* Debug */ = {
			isa = XCBuildConfiguration;
			buildSettings = {
				ALWAYS_SEARCH_USER_PATHS = NO;
				CLANG_CXX_LANGUAGE_STANDARD = "gnu++0x";
				CLANG_CXX_LIBRARY = "libc++";
				CLANG_ENABLE_MODULES = YES;
				CLANG_ENABLE_OBJC_ARC = YES;
				CLANG_WARN_BOOL_CONVERSION = YES;
				CLANG_WARN_CONSTANT_CONVERSION = YES;
				CLANG_WARN_DIRECT_OBJC_ISA_USAGE = YES_ERROR;
				CLANG_WARN_EMPTY_BODY = YES;
				CLANG_WARN_ENUM_CONVERSION = YES;
				CLANG_WARN_INT_CONVERSION = YES;
				CLANG_WARN_OBJC_ROOT_CLASS = YES_ERROR;
				CLANG_WARN_UNREACHABLE_CODE = YES;
				CLANG_WARN__DUPLICATE_METHOD_MATCH = YES;
				"CODE_SIGN_IDENTITY[sdk=iphoneos*]" = "iPhone Developer";
				COPY_PHASE_STRIP = NO;
				ENABLE_STRICT_OBJC_MSGSEND = YES;
				GCC_C_LANGUAGE_STANDARD = gnu99;
				GCC_DYNAMIC_NO_PIC = NO;
				GCC_OPTIMIZATION_LEVEL = 0;
				GCC_PREPROCESSOR_DEFINITIONS = (
					"DEBUG=1",
					"$(inherited)",
				);
				GCC_SYMBOLS_PRIVATE_EXTERN = NO;
				GCC_WARN_64_TO_32_BIT_CONVERSION = YES;
				GCC_WARN_ABOUT_RETURN_TYPE = YES_ERROR;
				GCC_WARN_UNDECLARED_SELECTOR = YES;
				GCC_WARN_UNINITIALIZED_AUTOS = YES_AGGRESSIVE;
				GCC_WARN_UNUSED_FUNCTION = YES;
				GCC_WARN_UNUSED_VARIABLE = YES;
				IPHONEOS_DEPLOYMENT_TARGET = 8.1;
				MTL_ENABLE_DEBUG_INFO = YES;
				ONLY_ACTIVE_ARCH = YES;
				SDKROOT = iphoneos;
				TARGETED_DEVICE_FAMILY = "1,2";
			};
			name = Debug;
		};
		6CBC9B371AC23F2F001FEF8F /* Release */ = {
			isa = XCBuildConfiguration;
			buildSettings = {
				ALWAYS_SEARCH_USER_PATHS = NO;
				CLANG_CXX_LANGUAGE_STANDARD = "gnu++0x";
				CLANG_CXX_LIBRARY = "libc++";
				CLANG_ENABLE_MODULES = YES;
				CLANG_ENABLE_OBJC_ARC = YES;
				CLANG_WARN_BOOL_CONVERSION = YES;
				CLANG_WARN_CONSTANT_CONVERSION = YES;
				CLANG_WARN_DIRECT_OBJC_ISA_USAGE = YES_ERROR;
				CLANG_WARN_EMPTY_BODY = YES;
				CLANG_WARN_ENUM_CONVERSION = YES;
				CLANG_WARN_INT_CONVERSION = YES;
				CLANG_WARN_OBJC_ROOT_CLASS = YES_ERROR;
				CLANG_WARN_UNREACHABLE_CODE = YES;
				CLANG_WARN__DUPLICATE_METHOD_MATCH = YES;
				"CODE_SIGN_IDENTITY[sdk=iphoneos*]" = "iPhone Developer";
				COPY_PHASE_STRIP = YES;
				ENABLE_NS_ASSERTIONS = NO;
				ENABLE_STRICT_OBJC_MSGSEND = YES;
				GCC_C_LANGUAGE_STANDARD = gnu99;
				GCC_WARN_64_TO_32_BIT_CONVERSION = YES;
				GCC_WARN_ABOUT_RETURN_TYPE = YES_ERROR;
				GCC_WARN_UNDECLARED_SELECTOR = YES;
				GCC_WARN_UNINITIALIZED_AUTOS = YES_AGGRESSIVE;
				GCC_WARN_UNUSED_FUNCTION = YES;
				GCC_WARN_UNUSED_VARIABLE = YES;
				IPHONEOS_DEPLOYMENT_TARGET = 8.1;
				MTL_ENABLE_DEBUG_INFO = NO;
				SDKROOT = iphoneos;
				TARGETED_DEVICE_FAMILY = "1,2";
				VALIDATE_PRODUCT = YES;
			};
			name = Release;
		};
		6CBC9B391AC23F2F001FEF8F /* Debug */ = {
			isa = XCBuildConfiguration;
			buildSettings = {
				ASSETCATALOG_COMPILER_APPICON_NAME = AppIcon;
				INFOPLIST_FILE = ListDemo/Info.plist;
				LD_RUNPATH_SEARCH_PATHS = "$(inherited) @executable_path/Frameworks";
				PRODUCT_NAME = "$(TARGET_NAME)";
			};
			name = Debug;
		};
		6CBC9B3A1AC23F2F001FEF8F /* Release */ = {
			isa = XCBuildConfiguration;
			buildSettings = {
				ASSETCATALOG_COMPILER_APPICON_NAME = AppIcon;
				INFOPLIST_FILE = ListDemo/Info.plist;
				LD_RUNPATH_SEARCH_PATHS = "$(inherited) @executable_path/Frameworks";
				PRODUCT_NAME = "$(TARGET_NAME)";
			};
			name = Release;
		};
		6CBC9B3C1AC23F2F001FEF8F /* Debug */ = {
			isa = XCBuildConfiguration;
			buildSettings = {
				BUNDLE_LOADER = "$(TEST_HOST)";
				FRAMEWORK_SEARCH_PATHS = (
					"$(SDKROOT)/Developer/Library/Frameworks",
					"$(inherited)",
				);
				GCC_PREPROCESSOR_DEFINITIONS = (
					"DEBUG=1",
					"$(inherited)",
				);
				INFOPLIST_FILE = ListDemoTests/Info.plist;
				LD_RUNPATH_SEARCH_PATHS = "$(inherited) @executable_path/Frameworks @loader_path/Frameworks";
				PRODUCT_NAME = "$(TARGET_NAME)";
				TEST_HOST = "$(BUILT_PRODUCTS_DIR)/ListDemo.app/ListDemo";
			};
			name = Debug;
		};
		6CBC9B3D1AC23F2F001FEF8F /* Release */ = {
			isa = XCBuildConfiguration;
			buildSettings = {
				BUNDLE_LOADER = "$(TEST_HOST)";
				FRAMEWORK_SEARCH_PATHS = (
					"$(SDKROOT)/Developer/Library/Frameworks",
					"$(inherited)",
				);
				INFOPLIST_FILE = ListDemoTests/Info.plist;
				LD_RUNPATH_SEARCH_PATHS = "$(inherited) @executable_path/Frameworks @loader_path/Frameworks";
				PRODUCT_NAME = "$(TARGET_NAME)";
				TEST_HOST = "$(BUILT_PRODUCTS_DIR)/ListDemo.app/ListDemo";
			};
			name = Release;
		};
/* End XCBuildConfiguration section */

/* Begin XCConfigurationList section */
		6CBC9B101AC23F2F001FEF8F /* Build configuration list for PBXProject "ListDemo" */ = {
			isa = XCConfigurationList;
			buildConfigurations = (
				6CBC9B361AC23F2F001FEF8F /* Debug */,
				6CBC9B371AC23F2F001FEF8F /* Release */,
			);
			defaultConfigurationIsVisible = 0;
			defaultConfigurationName = Release;
		};
		6CBC9B381AC23F2F001FEF8F /* Build configuration list for PBXNativeTarget "ListDemo" */ = {
			isa = XCConfigurationList;
			buildConfigurations = (
				6CBC9B391AC23F2F001FEF8F /* Debug */,
				6CBC9B3A1AC23F2F001FEF8F /* Release */,
			);
			defaultConfigurationIsVisible = 0;
		};
		6CBC9B3B1AC23F2F001FEF8F /* Build configuration list for PBXNativeTarget "ListDemoTests" */ = {
			isa = XCConfigurationList;
			buildConfigurations = (
				6CBC9B3C1AC23F2F001FEF8F /* Debug */,
				6CBC9B3D1AC23F2F001FEF8F /* Release */,
			);
			defaultConfigurationIsVisible = 0;
		};
/* End XCConfigurationList section */
	};
	rootObject = 6CBC9B0D1AC23F2F001FEF8F /* Project object */;
}
